// !$*UTF8*$!
{
	archiveVersion = 1;
	classes = {
	};
	objectVersion = 56;
	objects = {

/* Begin PBXBuildFile section */
		8454387E28E527F400DF01AE /* LaunchScreen.storyboard in Resources */ = {isa = PBXBuildFile; fileRef = 8454387D28E527F400DF01AE /* LaunchScreen.storyboard */; };
		8454388028E52B4200DF01AE /* SignUpView.swift in Sources */ = {isa = PBXBuildFile; fileRef = 8454387F28E52B4200DF01AE /* SignUpView.swift */; };
		8454388228E52B6500DF01AE /* SignInView.swift in Sources */ = {isa = PBXBuildFile; fileRef = 8454388128E52B6500DF01AE /* SignInView.swift */; };
		8454388528E52C6A00DF01AE /* NewsDetailView.swift in Sources */ = {isa = PBXBuildFile; fileRef = 8454388428E52C6A00DF01AE /* NewsDetailView.swift */; };
		8454388828E54C9200DF01AE /* HotUpdatesView.swift in Sources */ = {isa = PBXBuildFile; fileRef = 8454388728E54C9200DF01AE /* HotUpdatesView.swift */; };
		84ACDE2728E3D11800025210 /* Nunito Bold.ttf in Resources */ = {isa = PBXBuildFile; fileRef = 84ACDE1D28E3D11800025210 /* Nunito Bold.ttf */; };
		84ACDE2828E3D11800025210 /* Nunito Regular.ttf in Resources */ = {isa = PBXBuildFile; fileRef = 84ACDE1E28E3D11800025210 /* Nunito Regular.ttf */; };
		84ACDE2928E3D11800025210 /* Nunito Medium.ttf in Resources */ = {isa = PBXBuildFile; fileRef = 84ACDE1F28E3D11800025210 /* Nunito Medium.ttf */; };
		84ACDE2A28E3D11800025210 /* Nunito Black.ttf in Resources */ = {isa = PBXBuildFile; fileRef = 84ACDE2028E3D11800025210 /* Nunito Black.ttf */; };
		84ACDE2B28E3D11800025210 /* Nunito SemiBold.ttf in Resources */ = {isa = PBXBuildFile; fileRef = 84ACDE2128E3D11800025210 /* Nunito SemiBold.ttf */; };
		84ACDE2C28E3D11800025210 /* Nunito ExtraBold.ttf in Resources */ = {isa = PBXBuildFile; fileRef = 84ACDE2228E3D11800025210 /* Nunito ExtraBold.ttf */; };
		84ACDE2D28E3D11800025210 /* Nunito Light.ttf in Resources */ = {isa = PBXBuildFile; fileRef = 84ACDE2328E3D11800025210 /* Nunito Light.ttf */; };
		84ACDE2E28E3D11800025210 /* New York Small Semibold.ttf in Resources */ = {isa = PBXBuildFile; fileRef = 84ACDE2428E3D11800025210 /* New York Small Semibold.ttf */; };
		84ACDE2F28E3D11800025210 /* New York Bold.ttf in Resources */ = {isa = PBXBuildFile; fileRef = 84ACDE2528E3D11800025210 /* New York Bold.ttf */; };
		84ACDE3028E3D11800025210 /* Nunito ExtraLight.ttf in Resources */ = {isa = PBXBuildFile; fileRef = 84ACDE2628E3D11800025210 /* Nunito ExtraLight.ttf */; };
		84ACDE3428E3D25100025210 /* Image+Extentions.swift in Sources */ = {isa = PBXBuildFile; fileRef = 84ACDE3328E3D25100025210 /* Image+Extentions.swift */; };
		84ACDE3628E3D29E00025210 /* Fonts+Extentions.swift in Sources */ = {isa = PBXBuildFile; fileRef = 84ACDE3528E3D29E00025210 /* Fonts+Extentions.swift */; };
		84ACDE3828E3D2B900025210 /* Color+Extentions.swift in Sources */ = {isa = PBXBuildFile; fileRef = 84ACDE3728E3D2B900025210 /* Color+Extentions.swift */; };
		84DE764428E3C7C8000E0BDA /* News_App_IOSApp.swift in Sources */ = {isa = PBXBuildFile; fileRef = 84DE764328E3C7C8000E0BDA /* News_App_IOSApp.swift */; };
		84DE764628E3C7C8000E0BDA /* ContentView.swift in Sources */ = {isa = PBXBuildFile; fileRef = 84DE764528E3C7C8000E0BDA /* ContentView.swift */; };
		84DE764828E3C7C9000E0BDA /* Assets.xcassets in Resources */ = {isa = PBXBuildFile; fileRef = 84DE764728E3C7C9000E0BDA /* Assets.xcassets */; };
		84DE764B28E3C7C9000E0BDA /* Preview Assets.xcassets in Resources */ = {isa = PBXBuildFile; fileRef = 84DE764A28E3C7C9000E0BDA /* Preview Assets.xcassets */; };
		84E6C0CA28E46DD2009F2CE4 /* TabBarView.swift in Sources */ = {isa = PBXBuildFile; fileRef = 84E6C0C928E46DD2009F2CE4 /* TabBarView.swift */; };
		84E6C0CD28E46E35009F2CE4 /* DeviceScreenSizes.swift in Sources */ = {isa = PBXBuildFile; fileRef = 84E6C0CC28E46E35009F2CE4 /* DeviceScreenSizes.swift */; };
		84E6C0CF28E46E91009F2CE4 /* TabInfo.swift in Sources */ = {isa = PBXBuildFile; fileRef = 84E6C0CE28E46E91009F2CE4 /* TabInfo.swift */; };
		84E6C0D128E4704C009F2CE4 /* MainTabView.swift in Sources */ = {isa = PBXBuildFile; fileRef = 84E6C0D028E4704C009F2CE4 /* MainTabView.swift */; };
		84E6C0D728E47DF5009F2CE4 /* APIManager.swift in Sources */ = {isa = PBXBuildFile; fileRef = 84E6C0D628E47DF5009F2CE4 /* APIManager.swift */; };
		84E6C0DA28E480FE009F2CE4 /* CornarRadiusStyle.swift in Sources */ = {isa = PBXBuildFile; fileRef = 84E6C0D928E480FE009F2CE4 /* CornarRadiusStyle.swift */; };
		84E6C0DD28E4833F009F2CE4 /* RappleProgressHUD in Frameworks */ = {isa = PBXBuildFile; productRef = 84E6C0DC28E4833F009F2CE4 /* RappleProgressHUD */; };
		84E6C0DF28E48371009F2CE4 /* Extensions.swift in Sources */ = {isa = PBXBuildFile; fileRef = 84E6C0DE28E48371009F2CE4 /* Extensions.swift */; };
		84E6C0E328E48635009F2CE4 /* HomeView.swift in Sources */ = {isa = PBXBuildFile; fileRef = 84E6C0E228E48635009F2CE4 /* HomeView.swift */; };
		84E6C0E828E48678009F2CE4 /* HomeVM.swift in Sources */ = {isa = PBXBuildFile; fileRef = 84E6C0E728E48678009F2CE4 /* HomeVM.swift */; };
		84E6C0EA28E486CA009F2CE4 /* LatestNewsCardView.swift in Sources */ = {isa = PBXBuildFile; fileRef = 84E6C0E928E486CA009F2CE4 /* LatestNewsCardView.swift */; };
		84E6C0ED28E48752009F2CE4 /* SDWebImageSwiftUI in Frameworks */ = {isa = PBXBuildFile; productRef = 84E6C0EC28E48752009F2CE4 /* SDWebImageSwiftUI */; };
		84E6C0F028E48DC1009F2CE4 /* HomeSearchBarView.swift in Sources */ = {isa = PBXBuildFile; fileRef = 84E6C0EF28E48DC1009F2CE4 /* HomeSearchBarView.swift */; };
		84E6C0F528E49176009F2CE4 /* NotificationBtnView.swift in Sources */ = {isa = PBXBuildFile; fileRef = 84E6C0F428E49176009F2CE4 /* NotificationBtnView.swift */; };
		84E6C0F828E491CB009F2CE4 /* FilterBtnView.swift in Sources */ = {isa = PBXBuildFile; fileRef = 84E6C0F728E491CB009F2CE4 /* FilterBtnView.swift */; };
		84E6C0FB28E49592009F2CE4 /* NavBarWithBackBtnView.swift in Sources */ = {isa = PBXBuildFile; fileRef = 84E6C0FA28E49592009F2CE4 /* NavBarWithBackBtnView.swift */; };
		84E6C0FD28E499D4009F2CE4 /* SectionBtnView.swift in Sources */ = {isa = PBXBuildFile; fileRef = 84E6C0FC28E499D4009F2CE4 /* SectionBtnView.swift */; };
		84E6C0FF28E49E39009F2CE4 /* FloatingBtnView.swift in Sources */ = {isa = PBXBuildFile; fileRef = 84E6C0FE28E49E39009F2CE4 /* FloatingBtnView.swift */; };
		84E6C10128E49F72009F2CE4 /* FavoriteView.swift in Sources */ = {isa = PBXBuildFile; fileRef = 84E6C10028E49F72009F2CE4 /* FavoriteView.swift */; };
		84E6C10328E49FA8009F2CE4 /* ProfileView.swift in Sources */ = {isa = PBXBuildFile; fileRef = 84E6C10228E49FA8009F2CE4 /* ProfileView.swift */; };
		84E6C10528E4ADAC009F2CE4 /* NewsSectionCardView.swift in Sources */ = {isa = PBXBuildFile; fileRef = 84E6C10428E4ADAC009F2CE4 /* NewsSectionCardView.swift */; };
		84E6C10A28E4C739009F2CE4 /* News.swift in Sources */ = {isa = PBXBuildFile; fileRef = 84E6C10928E4C739009F2CE4 /* News.swift */; };
		84E6C10C28E4E1A1009F2CE4 /* CategorySection.swift in Sources */ = {isa = PBXBuildFile; fileRef = 84E6C10B28E4E1A1009F2CE4 /* CategorySection.swift */; };
/* End PBXBuildFile section */

/* Begin PBXFileReference section */
		8454387D28E527F400DF01AE /* LaunchScreen.storyboard */ = {isa = PBXFileReference; lastKnownFileType = file.storyboard; path = LaunchScreen.storyboard; sourceTree = "<group>"; };
		8454387F28E52B4200DF01AE /* SignUpView.swift */ = {isa = PBXFileReference; lastKnownFileType = sourcecode.swift; path = SignUpView.swift; sourceTree = "<group>"; };
		8454388128E52B6500DF01AE /* SignInView.swift */ = {isa = PBXFileReference; lastKnownFileType = sourcecode.swift; path = SignInView.swift; sourceTree = "<group>"; };
		8454388428E52C6A00DF01AE /* NewsDetailView.swift */ = {isa = PBXFileReference; lastKnownFileType = sourcecode.swift; path = NewsDetailView.swift; sourceTree = "<group>"; };
		8454388728E54C9200DF01AE /* HotUpdatesView.swift */ = {isa = PBXFileReference; lastKnownFileType = sourcecode.swift; path = HotUpdatesView.swift; sourceTree = "<group>"; };
		84ACDE1D28E3D11800025210 /* Nunito Bold.ttf */ = {isa = PBXFileReference; lastKnownFileType = file; path = "Nunito Bold.ttf"; sourceTree = "<group>"; };
		84ACDE1E28E3D11800025210 /* Nunito Regular.ttf */ = {isa = PBXFileReference; lastKnownFileType = file; path = "Nunito Regular.ttf"; sourceTree = "<group>"; };
		84ACDE1F28E3D11800025210 /* Nunito Medium.ttf */ = {isa = PBXFileReference; lastKnownFileType = file; path = "Nunito Medium.ttf"; sourceTree = "<group>"; };
		84ACDE2028E3D11800025210 /* Nunito Black.ttf */ = {isa = PBXFileReference; lastKnownFileType = file; path = "Nunito Black.ttf"; sourceTree = "<group>"; };
		84ACDE2128E3D11800025210 /* Nunito SemiBold.ttf */ = {isa = PBXFileReference; lastKnownFileType = file; path = "Nunito SemiBold.ttf"; sourceTree = "<group>"; };
		84ACDE2228E3D11800025210 /* Nunito ExtraBold.ttf */ = {isa = PBXFileReference; lastKnownFileType = file; path = "Nunito ExtraBold.ttf"; sourceTree = "<group>"; };
		84ACDE2328E3D11800025210 /* Nunito Light.ttf */ = {isa = PBXFileReference; lastKnownFileType = file; path = "Nunito Light.ttf"; sourceTree = "<group>"; };
		84ACDE2428E3D11800025210 /* New York Small Semibold.ttf */ = {isa = PBXFileReference; lastKnownFileType = file; path = "New York Small Semibold.ttf"; sourceTree = "<group>"; };
		84ACDE2528E3D11800025210 /* New York Bold.ttf */ = {isa = PBXFileReference; lastKnownFileType = file; path = "New York Bold.ttf"; sourceTree = "<group>"; };
		84ACDE2628E3D11800025210 /* Nunito ExtraLight.ttf */ = {isa = PBXFileReference; lastKnownFileType = file; path = "Nunito ExtraLight.ttf"; sourceTree = "<group>"; };
		84ACDE3328E3D25100025210 /* Image+Extentions.swift */ = {isa = PBXFileReference; lastKnownFileType = sourcecode.swift; path = "Image+Extentions.swift"; sourceTree = "<group>"; };
		84ACDE3528E3D29E00025210 /* Fonts+Extentions.swift */ = {isa = PBXFileReference; lastKnownFileType = sourcecode.swift; path = "Fonts+Extentions.swift"; sourceTree = "<group>"; };
		84ACDE3728E3D2B900025210 /* Color+Extentions.swift */ = {isa = PBXFileReference; lastKnownFileType = sourcecode.swift; path = "Color+Extentions.swift"; sourceTree = "<group>"; };
		84ACDE3928E3D53400025210 /* News-App-IOS-Info.plist */ = {isa = PBXFileReference; lastKnownFileType = text.plist.xml; name = "News-App-IOS-Info.plist"; path = "News App IOS/APP/News-App-IOS-Info.plist"; sourceTree = SOURCE_ROOT; };
		84DE764028E3C7C8000E0BDA /* News App IOS.app */ = {isa = PBXFileReference; explicitFileType = wrapper.application; includeInIndex = 0; path = "News App IOS.app"; sourceTree = BUILT_PRODUCTS_DIR; };
		84DE764328E3C7C8000E0BDA /* News_App_IOSApp.swift */ = {isa = PBXFileReference; lastKnownFileType = sourcecode.swift; path = News_App_IOSApp.swift; sourceTree = "<group>"; };
		84DE764528E3C7C8000E0BDA /* ContentView.swift */ = {isa = PBXFileReference; lastKnownFileType = sourcecode.swift; path = ContentView.swift; sourceTree = "<group>"; };
		84DE764728E3C7C9000E0BDA /* Assets.xcassets */ = {isa = PBXFileReference; lastKnownFileType = folder.assetcatalog; path = Assets.xcassets; sourceTree = "<group>"; };
		84DE764A28E3C7C9000E0BDA /* Preview Assets.xcassets */ = {isa = PBXFileReference; lastKnownFileType = folder.assetcatalog; path = "Preview Assets.xcassets"; sourceTree = "<group>"; };
		84E6C0C928E46DD2009F2CE4 /* TabBarView.swift */ = {isa = PBXFileReference; lastKnownFileType = sourcecode.swift; path = TabBarView.swift; sourceTree = "<group>"; };
		84E6C0CC28E46E35009F2CE4 /* DeviceScreenSizes.swift */ = {isa = PBXFileReference; lastKnownFileType = sourcecode.swift; path = DeviceScreenSizes.swift; sourceTree = "<group>"; };
		84E6C0CE28E46E91009F2CE4 /* TabInfo.swift */ = {isa = PBXFileReference; lastKnownFileType = sourcecode.swift; path = TabInfo.swift; sourceTree = "<group>"; };
		84E6C0D028E4704C009F2CE4 /* MainTabView.swift */ = {isa = PBXFileReference; lastKnownFileType = sourcecode.swift; path = MainTabView.swift; sourceTree = "<group>"; };
		84E6C0D628E47DF5009F2CE4 /* APIManager.swift */ = {isa = PBXFileReference; lastKnownFileType = sourcecode.swift; path = APIManager.swift; sourceTree = "<group>"; };
		84E6C0D928E480FE009F2CE4 /* CornarRadiusStyle.swift */ = {isa = PBXFileReference; lastKnownFileType = sourcecode.swift; path = CornarRadiusStyle.swift; sourceTree = "<group>"; };
		84E6C0DE28E48371009F2CE4 /* Extensions.swift */ = {isa = PBXFileReference; lastKnownFileType = sourcecode.swift; path = Extensions.swift; sourceTree = "<group>"; };
		84E6C0E228E48635009F2CE4 /* HomeView.swift */ = {isa = PBXFileReference; lastKnownFileType = sourcecode.swift; path = HomeView.swift; sourceTree = "<group>"; };
		84E6C0E728E48678009F2CE4 /* HomeVM.swift */ = {isa = PBXFileReference; lastKnownFileType = sourcecode.swift; path = HomeVM.swift; sourceTree = "<group>"; };
		84E6C0E928E486CA009F2CE4 /* LatestNewsCardView.swift */ = {isa = PBXFileReference; lastKnownFileType = sourcecode.swift; path = LatestNewsCardView.swift; sourceTree = "<group>"; };
		84E6C0EF28E48DC1009F2CE4 /* HomeSearchBarView.swift */ = {isa = PBXFileReference; lastKnownFileType = sourcecode.swift; path = HomeSearchBarView.swift; sourceTree = "<group>"; };
		84E6C0F428E49176009F2CE4 /* NotificationBtnView.swift */ = {isa = PBXFileReference; lastKnownFileType = sourcecode.swift; path = NotificationBtnView.swift; sourceTree = "<group>"; };
		84E6C0F728E491CB009F2CE4 /* FilterBtnView.swift */ = {isa = PBXFileReference; lastKnownFileType = sourcecode.swift; path = FilterBtnView.swift; sourceTree = "<group>"; };
		84E6C0FA28E49592009F2CE4 /* NavBarWithBackBtnView.swift */ = {isa = PBXFileReference; lastKnownFileType = sourcecode.swift; path = NavBarWithBackBtnView.swift; sourceTree = "<group>"; };
		84E6C0FC28E499D4009F2CE4 /* SectionBtnView.swift */ = {isa = PBXFileReference; lastKnownFileType = sourcecode.swift; path = SectionBtnView.swift; sourceTree = "<group>"; };
		84E6C0FE28E49E39009F2CE4 /* FloatingBtnView.swift */ = {isa = PBXFileReference; lastKnownFileType = sourcecode.swift; path = FloatingBtnView.swift; sourceTree = "<group>"; };
		84E6C10028E49F72009F2CE4 /* FavoriteView.swift */ = {isa = PBXFileReference; lastKnownFileType = sourcecode.swift; path = FavoriteView.swift; sourceTree = "<group>"; };
		84E6C10228E49FA8009F2CE4 /* ProfileView.swift */ = {isa = PBXFileReference; lastKnownFileType = sourcecode.swift; path = ProfileView.swift; sourceTree = "<group>"; };
		84E6C10428E4ADAC009F2CE4 /* NewsSectionCardView.swift */ = {isa = PBXFileReference; lastKnownFileType = sourcecode.swift; path = NewsSectionCardView.swift; sourceTree = "<group>"; };
		84E6C10928E4C739009F2CE4 /* News.swift */ = {isa = PBXFileReference; lastKnownFileType = sourcecode.swift; path = News.swift; sourceTree = "<group>"; };
		84E6C10B28E4E1A1009F2CE4 /* CategorySection.swift */ = {isa = PBXFileReference; lastKnownFileType = sourcecode.swift; path = CategorySection.swift; sourceTree = "<group>"; };
/* End PBXFileReference section */

/* Begin PBXFrameworksBuildPhase section */
		84DE763D28E3C7C8000E0BDA /* Frameworks */ = {
			isa = PBXFrameworksBuildPhase;
			buildActionMask = 2147483647;
			files = (
				84E6C0ED28E48752009F2CE4 /* SDWebImageSwiftUI in Frameworks */,
				84E6C0DD28E4833F009F2CE4 /* RappleProgressHUD in Frameworks */,
			);
			runOnlyForDeploymentPostprocessing = 0;
		};
/* End PBXFrameworksBuildPhase section */

/* Begin PBXGroup section */
		8454387C28E527C500DF01AE /* LaunchScreen */ = {
			isa = PBXGroup;
			children = (
				8454387D28E527F400DF01AE /* LaunchScreen.storyboard */,
			);
			path = LaunchScreen;
			sourceTree = "<group>";
		};
		8454388328E52C4400DF01AE /* NewsDetais */ = {
			isa = PBXGroup;
			children = (
				8454388428E52C6A00DF01AE /* NewsDetailView.swift */,
			);
			path = NewsDetais;
			sourceTree = "<group>";
		};
		8454388628E54C7400DF01AE /* Hot Updates */ = {
			isa = PBXGroup;
			children = (
				8454388728E54C9200DF01AE /* HotUpdatesView.swift */,
			);
			path = "Hot Updates";
			sourceTree = "<group>";
		};
		84ACDE1528E3CD6D00025210 /* APP */ = {
			isa = PBXGroup;
			children = (
				84DE764328E3C7C8000E0BDA /* News_App_IOSApp.swift */,
				84DE764528E3C7C8000E0BDA /* ContentView.swift */,
				84ACDE3928E3D53400025210 /* News-App-IOS-Info.plist */,
			);
			path = APP;
			sourceTree = "<group>";
		};
		84ACDE1628E3CD8B00025210 /* Support */ = {
			isa = PBXGroup;
			children = (
				84E6C0D828E480DE009F2CE4 /* ViewModifiers */,
				84E6C0CB28E46E06009F2CE4 /* DeviceResponsiveHelper */,
				84ACDE1C28E3D0FA00025210 /* Fonts */,
				84ACDE1928E3CDBE00025210 /* APIManager */,
				84ACDE1828E3CDB100025210 /* Extensions */,
			);
			path = Support;
			sourceTree = "<group>";
		};
		84ACDE1728E3CD9400025210 /* View+VM */ = {
			isa = PBXGroup;
			children = (
				84E6C0D228E479CA009F2CE4 /* Auth */,
				84E6C0C828E46D85009F2CE4 /* Tab */,
				84E6C0E128E48607009F2CE4 /* MainTabs */,
				8454388328E52C4400DF01AE /* NewsDetais */,
				8454388628E54C7400DF01AE /* Hot Updates */,
				84ACDE1B28E3CE3900025210 /* CustomViews */,
				8454387C28E527C500DF01AE /* LaunchScreen */,
			);
			path = "View+VM";
			sourceTree = "<group>";
		};
		84ACDE1828E3CDB100025210 /* Extensions */ = {
			isa = PBXGroup;
			children = (
				84ACDE3328E3D25100025210 /* Image+Extentions.swift */,
				84ACDE3528E3D29E00025210 /* Fonts+Extentions.swift */,
				84ACDE3728E3D2B900025210 /* Color+Extentions.swift */,
				84E6C0DE28E48371009F2CE4 /* Extensions.swift */,
			);
			path = Extensions;
			sourceTree = "<group>";
		};
		84ACDE1928E3CDBE00025210 /* APIManager */ = {
			isa = PBXGroup;
			children = (
				84E6C0D628E47DF5009F2CE4 /* APIManager.swift */,
			);
			path = APIManager;
			sourceTree = "<group>";
		};
		84ACDE1A28E3CDDE00025210 /* Model */ = {
			isa = PBXGroup;
			children = (
				84E6C0CE28E46E91009F2CE4 /* TabInfo.swift */,
				84E6C10928E4C739009F2CE4 /* News.swift */,
				84E6C10B28E4E1A1009F2CE4 /* CategorySection.swift */,
			);
			path = Model;
			sourceTree = "<group>";
		};
		84ACDE1B28E3CE3900025210 /* CustomViews */ = {
			isa = PBXGroup;
			children = (
				84E6C0F928E49561009F2CE4 /* NavBar */,
				84E6C0F128E49135009F2CE4 /* Buttons */,
				84E6C0EE28E48D95009F2CE4 /* SearchBar */,
				84E6C0E028E48599009F2CE4 /* CardViews */,
				84E6C0D528E47AC9009F2CE4 /* Tab */,
			);
			path = CustomViews;
			sourceTree = "<group>";
		};
		84ACDE1C28E3D0FA00025210 /* Fonts */ = {
			isa = PBXGroup;
			children = (
				84ACDE2528E3D11800025210 /* New York Bold.ttf */,
				84ACDE2428E3D11800025210 /* New York Small Semibold.ttf */,
				84ACDE2028E3D11800025210 /* Nunito Black.ttf */,
				84ACDE1D28E3D11800025210 /* Nunito Bold.ttf */,
				84ACDE2228E3D11800025210 /* Nunito ExtraBold.ttf */,
				84ACDE2628E3D11800025210 /* Nunito ExtraLight.ttf */,
				84ACDE2328E3D11800025210 /* Nunito Light.ttf */,
				84ACDE1F28E3D11800025210 /* Nunito Medium.ttf */,
				84ACDE1E28E3D11800025210 /* Nunito Regular.ttf */,
				84ACDE2128E3D11800025210 /* Nunito SemiBold.ttf */,
			);
			path = Fonts;
			sourceTree = "<group>";
		};
		84DE763728E3C7C8000E0BDA = {
			isa = PBXGroup;
			children = (
				84DE764228E3C7C8000E0BDA /* News App IOS */,
				84DE764128E3C7C8000E0BDA /* Products */,
			);
			sourceTree = "<group>";
		};
		84DE764128E3C7C8000E0BDA /* Products */ = {
			isa = PBXGroup;
			children = (
				84DE764028E3C7C8000E0BDA /* News App IOS.app */,
			);
			name = Products;
			sourceTree = "<group>";
		};
		84DE764228E3C7C8000E0BDA /* News App IOS */ = {
			isa = PBXGroup;
			children = (
				84ACDE1528E3CD6D00025210 /* APP */,
				84ACDE1728E3CD9400025210 /* View+VM */,
				84ACDE1628E3CD8B00025210 /* Support */,
				84ACDE1A28E3CDDE00025210 /* Model */,
				84DE764728E3C7C9000E0BDA /* Assets.xcassets */,
				84DE764928E3C7C9000E0BDA /* Preview Content */,
			);
			path = "News App IOS";
			sourceTree = "<group>";
		};
		84DE764928E3C7C9000E0BDA /* Preview Content */ = {
			isa = PBXGroup;
			children = (
				84DE764A28E3C7C9000E0BDA /* Preview Assets.xcassets */,
			);
			path = "Preview Content";
			sourceTree = "<group>";
		};
		84E6C0C828E46D85009F2CE4 /* Tab */ = {
			isa = PBXGroup;
			children = (
				84E6C0D028E4704C009F2CE4 /* MainTabView.swift */,
			);
			path = Tab;
			sourceTree = "<group>";
		};
		84E6C0CB28E46E06009F2CE4 /* DeviceResponsiveHelper */ = {
			isa = PBXGroup;
			children = (
				84E6C0CC28E46E35009F2CE4 /* DeviceScreenSizes.swift */,
			);
			path = DeviceResponsiveHelper;
			sourceTree = "<group>";
		};
		84E6C0D228E479CA009F2CE4 /* Auth */ = {
			isa = PBXGroup;
			children = (
				84E6C0D428E479DB009F2CE4 /* SignUp */,
				84E6C0D328E479D2009F2CE4 /* SignIn */,
			);
			path = Auth;
			sourceTree = "<group>";
		};
		84E6C0D328E479D2009F2CE4 /* SignIn */ = {
			isa = PBXGroup;
			children = (
				8454388128E52B6500DF01AE /* SignInView.swift */,
			);
			path = SignIn;
			sourceTree = "<group>";
		};
		84E6C0D428E479DB009F2CE4 /* SignUp */ = {
			isa = PBXGroup;
			children = (
				8454387F28E52B4200DF01AE /* SignUpView.swift */,
			);
			path = SignUp;
			sourceTree = "<group>";
		};
		84E6C0D528E47AC9009F2CE4 /* Tab */ = {
			isa = PBXGroup;
			children = (
				84E6C0C928E46DD2009F2CE4 /* TabBarView.swift */,
			);
			path = Tab;
			sourceTree = "<group>";
		};
		84E6C0D828E480DE009F2CE4 /* ViewModifiers */ = {
			isa = PBXGroup;
			children = (
				84E6C0D928E480FE009F2CE4 /* CornarRadiusStyle.swift */,
			);
			path = ViewModifiers;
			sourceTree = "<group>";
		};
		84E6C0E028E48599009F2CE4 /* CardViews */ = {
			isa = PBXGroup;
			children = (
				84E6C0E928E486CA009F2CE4 /* LatestNewsCardView.swift */,
				84E6C10428E4ADAC009F2CE4 /* NewsSectionCardView.swift */,
			);
			path = CardViews;
			sourceTree = "<group>";
		};
		84E6C0E128E48607009F2CE4 /* MainTabs */ = {
			isa = PBXGroup;
			children = (
				84E6C0E428E4863A009F2CE4 /* Home */,
				84E6C0E528E48648009F2CE4 /* Favourites */,
				84E6C0E628E48652009F2CE4 /* Profile */,
			);
			path = MainTabs;
			sourceTree = "<group>";
		};
		84E6C0E428E4863A009F2CE4 /* Home */ = {
			isa = PBXGroup;
			children = (
				84E6C0E228E48635009F2CE4 /* HomeView.swift */,
				84E6C0E728E48678009F2CE4 /* HomeVM.swift */,
			);
			path = Home;
			sourceTree = "<group>";
		};
		84E6C0E528E48648009F2CE4 /* Favourites */ = {
			isa = PBXGroup;
			children = (
				84E6C10028E49F72009F2CE4 /* FavoriteView.swift */,
			);
			path = Favourites;
			sourceTree = "<group>";
		};
		84E6C0E628E48652009F2CE4 /* Profile */ = {
			isa = PBXGroup;
			children = (
				84E6C10228E49FA8009F2CE4 /* ProfileView.swift */,
			);
			path = Profile;
			sourceTree = "<group>";
		};
		84E6C0EE28E48D95009F2CE4 /* SearchBar */ = {
			isa = PBXGroup;
			children = (
				84E6C0EF28E48DC1009F2CE4 /* HomeSearchBarView.swift */,
			);
			path = SearchBar;
			sourceTree = "<group>";
		};
		84E6C0F128E49135009F2CE4 /* Buttons */ = {
			isa = PBXGroup;
			children = (
				84E6C0F428E49176009F2CE4 /* NotificationBtnView.swift */,
				84E6C0F728E491CB009F2CE4 /* FilterBtnView.swift */,
				84E6C0FC28E499D4009F2CE4 /* SectionBtnView.swift */,
				84E6C0FE28E49E39009F2CE4 /* FloatingBtnView.swift */,
			);
			path = Buttons;
			sourceTree = "<group>";
		};
		84E6C0F928E49561009F2CE4 /* NavBar */ = {
			isa = PBXGroup;
			children = (
				84E6C0FA28E49592009F2CE4 /* NavBarWithBackBtnView.swift */,
			);
			path = NavBar;
			sourceTree = "<group>";
		};
/* End PBXGroup section */

/* Begin PBXNativeTarget section */
		84DE763F28E3C7C8000E0BDA /* News App IOS */ = {
			isa = PBXNativeTarget;
			buildConfigurationList = 84DE764E28E3C7C9000E0BDA /* Build configuration list for PBXNativeTarget "News App IOS" */;
			buildPhases = (
				84DE763C28E3C7C8000E0BDA /* Sources */,
				84DE763D28E3C7C8000E0BDA /* Frameworks */,
				84DE763E28E3C7C8000E0BDA /* Resources */,
			);
			buildRules = (
			);
			dependencies = (
			);
			name = "News App IOS";
			packageProductDependencies = (
				84E6C0DC28E4833F009F2CE4 /* RappleProgressHUD */,
				84E6C0EC28E48752009F2CE4 /* SDWebImageSwiftUI */,
			);
			productName = "News App IOS";
			productReference = 84DE764028E3C7C8000E0BDA /* News App IOS.app */;
			productType = "com.apple.product-type.application";
		};
/* End PBXNativeTarget section */

/* Begin PBXProject section */
		84DE763828E3C7C8000E0BDA /* Project object */ = {
			isa = PBXProject;
			attributes = {
				BuildIndependentTargetsInParallel = 1;
				LastSwiftUpdateCheck = 1400;
				LastUpgradeCheck = 1400;
				TargetAttributes = {
					84DE763F28E3C7C8000E0BDA = {
						CreatedOnToolsVersion = 14.0;
					};
				};
			};
			buildConfigurationList = 84DE763B28E3C7C8000E0BDA /* Build configuration list for PBXProject "News App IOS" */;
			compatibilityVersion = "Xcode 14.0";
			developmentRegion = en;
			hasScannedForEncodings = 0;
			knownRegions = (
				en,
				Base,
			);
			mainGroup = 84DE763728E3C7C8000E0BDA;
			packageReferences = (
				84E6C0DB28E4833F009F2CE4 /* XCRemoteSwiftPackageReference "RappleProgressHUD" */,
				84E6C0EB28E48752009F2CE4 /* XCRemoteSwiftPackageReference "SDWebImageSwiftUI" */,
			);
			productRefGroup = 84DE764128E3C7C8000E0BDA /* Products */;
			projectDirPath = "";
			projectRoot = "";
			targets = (
				84DE763F28E3C7C8000E0BDA /* News App IOS */,
			);
		};
/* End PBXProject section */

/* Begin PBXResourcesBuildPhase section */
		84DE763E28E3C7C8000E0BDA /* Resources */ = {
			isa = PBXResourcesBuildPhase;
			buildActionMask = 2147483647;
			files = (
				84ACDE2E28E3D11800025210 /* New York Small Semibold.ttf in Resources */,
				84ACDE2B28E3D11800025210 /* Nunito SemiBold.ttf in Resources */,
				84ACDE3028E3D11800025210 /* Nunito ExtraLight.ttf in Resources */,
				84DE764B28E3C7C9000E0BDA /* Preview Assets.xcassets in Resources */,
				84ACDE2C28E3D11800025210 /* Nunito ExtraBold.ttf in Resources */,
				84ACDE2928E3D11800025210 /* Nunito Medium.ttf in Resources */,
				84ACDE2A28E3D11800025210 /* Nunito Black.ttf in Resources */,
				8454387E28E527F400DF01AE /* LaunchScreen.storyboard in Resources */,
				84ACDE2828E3D11800025210 /* Nunito Regular.ttf in Resources */,
				84ACDE2728E3D11800025210 /* Nunito Bold.ttf in Resources */,
				84ACDE2F28E3D11800025210 /* New York Bold.ttf in Resources */,
				84DE764828E3C7C9000E0BDA /* Assets.xcassets in Resources */,
				84ACDE2D28E3D11800025210 /* Nunito Light.ttf in Resources */,
			);
			runOnlyForDeploymentPostprocessing = 0;
		};
/* End PBXResourcesBuildPhase section */

/* Begin PBXSourcesBuildPhase section */
		84DE763C28E3C7C8000E0BDA /* Sources */ = {
			isa = PBXSourcesBuildPhase;
			buildActionMask = 2147483647;
			files = (
				84DE764628E3C7C8000E0BDA /* ContentView.swift in Sources */,
				84E6C0F028E48DC1009F2CE4 /* HomeSearchBarView.swift in Sources */,
				84ACDE3428E3D25100025210 /* Image+Extentions.swift in Sources */,
				84E6C0EA28E486CA009F2CE4 /* LatestNewsCardView.swift in Sources */,
				84E6C0E328E48635009F2CE4 /* HomeView.swift in Sources */,
				84E6C0D128E4704C009F2CE4 /* MainTabView.swift in Sources */,
				84E6C0DA28E480FE009F2CE4 /* CornarRadiusStyle.swift in Sources */,
				84DE764428E3C7C8000E0BDA /* News_App_IOSApp.swift in Sources */,
				84E6C0F828E491CB009F2CE4 /* FilterBtnView.swift in Sources */,
				84E6C10C28E4E1A1009F2CE4 /* CategorySection.swift in Sources */,
				84E6C0CF28E46E91009F2CE4 /* TabInfo.swift in Sources */,
				8454388828E54C9200DF01AE /* HotUpdatesView.swift in Sources */,
				84E6C0CD28E46E35009F2CE4 /* DeviceScreenSizes.swift in Sources */,
				84E6C0DF28E48371009F2CE4 /* Extensions.swift in Sources */,
				84E6C0FB28E49592009F2CE4 /* NavBarWithBackBtnView.swift in Sources */,
				84E6C0F528E49176009F2CE4 /* NotificationBtnView.swift in Sources */,
				84E6C0E828E48678009F2CE4 /* HomeVM.swift in Sources */,
				8454388028E52B4200DF01AE /* SignUpView.swift in Sources */,
				84E6C0FD28E499D4009F2CE4 /* SectionBtnView.swift in Sources */,
				84E6C10128E49F72009F2CE4 /* FavoriteView.swift in Sources */,
				84E6C10328E49FA8009F2CE4 /* ProfileView.swift in Sources */,
				84ACDE3628E3D29E00025210 /* Fonts+Extentions.swift in Sources */,
				84E6C10528E4ADAC009F2CE4 /* NewsSectionCardView.swift in Sources */,
				8454388228E52B6500DF01AE /* SignInView.swift in Sources */,
				84E6C0CA28E46DD2009F2CE4 /* TabBarView.swift in Sources */,
				84E6C0D728E47DF5009F2CE4 /* APIManager.swift in Sources */,
				8454388528E52C6A00DF01AE /* NewsDetailView.swift in Sources */,
				84ACDE3828E3D2B900025210 /* Color+Extentions.swift in Sources */,
				84E6C10A28E4C739009F2CE4 /* News.swift in Sources */,
				84E6C0FF28E49E39009F2CE4 /* FloatingBtnView.swift in Sources */,
			);
			runOnlyForDeploymentPostprocessing = 0;
		};
/* End PBXSourcesBuildPhase section */

/* Begin XCBuildConfiguration section */
		84DE764C28E3C7C9000E0BDA /* Debug */ = {
			isa = XCBuildConfiguration;
			buildSettings = {
				ALWAYS_SEARCH_USER_PATHS = NO;
				CLANG_ANALYZER_NONNULL = YES;
				CLANG_ANALYZER_NUMBER_OBJECT_CONVERSION = YES_AGGRESSIVE;
				CLANG_CXX_LANGUAGE_STANDARD = "gnu++20";
				CLANG_ENABLE_MODULES = YES;
				CLANG_ENABLE_OBJC_ARC = YES;
				CLANG_ENABLE_OBJC_WEAK = YES;
				CLANG_WARN_BLOCK_CAPTURE_AUTORELEASING = YES;
				CLANG_WARN_BOOL_CONVERSION = YES;
				CLANG_WARN_COMMA = YES;
				CLANG_WARN_CONSTANT_CONVERSION = YES;
				CLANG_WARN_DEPRECATED_OBJC_IMPLEMENTATIONS = YES;
				CLANG_WARN_DIRECT_OBJC_ISA_USAGE = YES_ERROR;
				CLANG_WARN_DOCUMENTATION_COMMENTS = YES;
				CLANG_WARN_EMPTY_BODY = YES;
				CLANG_WARN_ENUM_CONVERSION = YES;
				CLANG_WARN_INFINITE_RECURSION = YES;
				CLANG_WARN_INT_CONVERSION = YES;
				CLANG_WARN_NON_LITERAL_NULL_CONVERSION = YES;
				CLANG_WARN_OBJC_IMPLICIT_RETAIN_SELF = YES;
				CLANG_WARN_OBJC_LITERAL_CONVERSION = YES;
				CLANG_WARN_OBJC_ROOT_CLASS = YES_ERROR;
				CLANG_WARN_QUOTED_INCLUDE_IN_FRAMEWORK_HEADER = YES;
				CLANG_WARN_RANGE_LOOP_ANALYSIS = YES;
				CLANG_WARN_STRICT_PROTOTYPES = YES;
				CLANG_WARN_SUSPICIOUS_MOVE = YES;
				CLANG_WARN_UNGUARDED_AVAILABILITY = YES_AGGRESSIVE;
				CLANG_WARN_UNREACHABLE_CODE = YES;
				CLANG_WARN__DUPLICATE_METHOD_MATCH = YES;
				COPY_PHASE_STRIP = NO;
				DEBUG_INFORMATION_FORMAT = dwarf;
				ENABLE_STRICT_OBJC_MSGSEND = YES;
				ENABLE_TESTABILITY = YES;
				GCC_C_LANGUAGE_STANDARD = gnu11;
				GCC_DYNAMIC_NO_PIC = NO;
				GCC_NO_COMMON_BLOCKS = YES;
				GCC_OPTIMIZATION_LEVEL = 0;
				GCC_PREPROCESSOR_DEFINITIONS = (
					"DEBUG=1",
					"$(inherited)",
				);
				GCC_WARN_64_TO_32_BIT_CONVERSION = YES;
				GCC_WARN_ABOUT_RETURN_TYPE = YES_ERROR;
				GCC_WARN_UNDECLARED_SELECTOR = YES;
				GCC_WARN_UNINITIALIZED_AUTOS = YES_AGGRESSIVE;
				GCC_WARN_UNUSED_FUNCTION = YES;
				GCC_WARN_UNUSED_VARIABLE = YES;
				IPHONEOS_DEPLOYMENT_TARGET = 14.0;
				MTL_ENABLE_DEBUG_INFO = INCLUDE_SOURCE;
				MTL_FAST_MATH = YES;
				ONLY_ACTIVE_ARCH = YES;
				SDKROOT = iphoneos;
				SWIFT_ACTIVE_COMPILATION_CONDITIONS = DEBUG;
				SWIFT_OPTIMIZATION_LEVEL = "-Onone";
			};
			name = Debug;
		};
		84DE764D28E3C7C9000E0BDA /* Release */ = {
			isa = XCBuildConfiguration;
			buildSettings = {
				ALWAYS_SEARCH_USER_PATHS = NO;
				CLANG_ANALYZER_NONNULL = YES;
				CLANG_ANALYZER_NUMBER_OBJECT_CONVERSION = YES_AGGRESSIVE;
				CLANG_CXX_LANGUAGE_STANDARD = "gnu++20";
				CLANG_ENABLE_MODULES = YES;
				CLANG_ENABLE_OBJC_ARC = YES;
				CLANG_ENABLE_OBJC_WEAK = YES;
				CLANG_WARN_BLOCK_CAPTURE_AUTORELEASING = YES;
				CLANG_WARN_BOOL_CONVERSION = YES;
				CLANG_WARN_COMMA = YES;
				CLANG_WARN_CONSTANT_CONVERSION = YES;
				CLANG_WARN_DEPRECATED_OBJC_IMPLEMENTATIONS = YES;
				CLANG_WARN_DIRECT_OBJC_ISA_USAGE = YES_ERROR;
				CLANG_WARN_DOCUMENTATION_COMMENTS = YES;
				CLANG_WARN_EMPTY_BODY = YES;
				CLANG_WARN_ENUM_CONVERSION = YES;
				CLANG_WARN_INFINITE_RECURSION = YES;
				CLANG_WARN_INT_CONVERSION = YES;
				CLANG_WARN_NON_LITERAL_NULL_CONVERSION = YES;
				CLANG_WARN_OBJC_IMPLICIT_RETAIN_SELF = YES;
				CLANG_WARN_OBJC_LITERAL_CONVERSION = YES;
				CLANG_WARN_OBJC_ROOT_CLASS = YES_ERROR;
				CLANG_WARN_QUOTED_INCLUDE_IN_FRAMEWORK_HEADER = YES;
				CLANG_WARN_RANGE_LOOP_ANALYSIS = YES;
				CLANG_WARN_STRICT_PROTOTYPES = YES;
				CLANG_WARN_SUSPICIOUS_MOVE = YES;
				CLANG_WARN_UNGUARDED_AVAILABILITY = YES_AGGRESSIVE;
				CLANG_WARN_UNREACHABLE_CODE = YES;
				CLANG_WARN__DUPLICATE_METHOD_MATCH = YES;
				COPY_PHASE_STRIP = NO;
				DEBUG_INFORMATION_FORMAT = "dwarf-with-dsym";
				ENABLE_NS_ASSERTIONS = NO;
				ENABLE_STRICT_OBJC_MSGSEND = YES;
				GCC_C_LANGUAGE_STANDARD = gnu11;
				GCC_NO_COMMON_BLOCKS = YES;
				GCC_WARN_64_TO_32_BIT_CONVERSION = YES;
				GCC_WARN_ABOUT_RETURN_TYPE = YES_ERROR;
				GCC_WARN_UNDECLARED_SELECTOR = YES;
				GCC_WARN_UNINITIALIZED_AUTOS = YES_AGGRESSIVE;
				GCC_WARN_UNUSED_FUNCTION = YES;
				GCC_WARN_UNUSED_VARIABLE = YES;
				IPHONEOS_DEPLOYMENT_TARGET = 14.0;
				MTL_ENABLE_DEBUG_INFO = NO;
				MTL_FAST_MATH = YES;
				SDKROOT = iphoneos;
				SWIFT_COMPILATION_MODE = wholemodule;
				SWIFT_OPTIMIZATION_LEVEL = "-O";
				VALIDATE_PRODUCT = YES;
			};
			name = Release;
		};
		84DE764F28E3C7C9000E0BDA /* Debug */ = {
			isa = XCBuildConfiguration;
			buildSettings = {
				ASSETCATALOG_COMPILER_APPICON_NAME = AppIcon;
				ASSETCATALOG_COMPILER_GLOBAL_ACCENT_COLOR_NAME = AccentColor;
				CODE_SIGN_STYLE = Automatic;
				CURRENT_PROJECT_VERSION = 1;
				DEVELOPMENT_ASSET_PATHS = "\"News App IOS/Preview Content\"";
				DEVELOPMENT_TEAM = K5BFLFZ88U;
				ENABLE_PREVIEWS = YES;
				GENERATE_INFOPLIST_FILE = YES;
				INFOPLIST_FILE = "$(SRCROOT)/News App IOS/APP/News-App-IOS-Info.plist";
				INFOPLIST_KEY_UIApplicationSceneManifest_Generation = YES;
				INFOPLIST_KEY_UIApplicationSupportsIndirectInputEvents = YES;
				INFOPLIST_KEY_UILaunchScreen_Generation = YES;
				INFOPLIST_KEY_UILaunchStoryboardName = LaunchScreen.storyboard;
				INFOPLIST_KEY_UISupportedInterfaceOrientations_iPad = "UIInterfaceOrientationPortrait UIInterfaceOrientationPortraitUpsideDown UIInterfaceOrientationLandscapeLeft UIInterfaceOrientationLandscapeRight";
				INFOPLIST_KEY_UISupportedInterfaceOrientations_iPhone = "UIInterfaceOrientationPortrait UIInterfaceOrientationLandscapeLeft UIInterfaceOrientationLandscapeRight";
				INFOPLIST_KEY_UIUserInterfaceStyle = Light;
				LD_RUNPATH_SEARCH_PATHS = (
					"$(inherited)",
					"@executable_path/Frameworks",
				);
				MARKETING_VERSION = 1.0;
				PRODUCT_BUNDLE_IDENTIFIER = "Achitha-Sandaruwan.News-App-IOS";
				PRODUCT_NAME = "$(TARGET_NAME)";
				SUPPORTED_PLATFORMS = "iphoneos iphonesimulator";
				SUPPORTS_MACCATALYST = NO;
				SUPPORTS_MAC_DESIGNED_FOR_IPHONE_IPAD = NO;
				SWIFT_EMIT_LOC_STRINGS = YES;
				SWIFT_VERSION = 5.0;
				TARGETED_DEVICE_FAMILY = "1,2";
			};
			name = Debug;
		};
		84DE765028E3C7C9000E0BDA /* Release */ = {
			isa = XCBuildConfiguration;
			buildSettings = {
				ASSETCATALOG_COMPILER_APPICON_NAME = AppIcon;
				ASSETCATALOG_COMPILER_GLOBAL_ACCENT_COLOR_NAME = AccentColor;
				CODE_SIGN_STYLE = Automatic;
				CURRENT_PROJECT_VERSION = 1;
				DEVELOPMENT_ASSET_PATHS = "\"News App IOS/Preview Content\"";
				DEVELOPMENT_TEAM = K5BFLFZ88U;
				ENABLE_PREVIEWS = YES;
				GENERATE_INFOPLIST_FILE = YES;
				INFOPLIST_FILE = "$(SRCROOT)/News App IOS/APP/News-App-IOS-Info.plist";
				INFOPLIST_KEY_UIApplicationSceneManifest_Generation = YES;
				INFOPLIST_KEY_UIApplicationSupportsIndirectInputEvents = YES;
				INFOPLIST_KEY_UILaunchScreen_Generation = YES;
				INFOPLIST_KEY_UILaunchStoryboardName = LaunchScreen.storyboard;
				INFOPLIST_KEY_UISupportedInterfaceOrientations_iPad = "UIInterfaceOrientationPortrait UIInterfaceOrientationPortraitUpsideDown UIInterfaceOrientationLandscapeLeft UIInterfaceOrientationLandscapeRight";
				INFOPLIST_KEY_UISupportedInterfaceOrientations_iPhone = "UIInterfaceOrientationPortrait UIInterfaceOrientationLandscapeLeft UIInterfaceOrientationLandscapeRight";
				INFOPLIST_KEY_UIUserInterfaceStyle = Light;
				LD_RUNPATH_SEARCH_PATHS = (
					"$(inherited)",
					"@executable_path/Frameworks",
				);
				MARKETING_VERSION = 1.0;
				PRODUCT_BUNDLE_IDENTIFIER = "Achitha-Sandaruwan.News-App-IOS";
				PRODUCT_NAME = "$(TARGET_NAME)";
				SUPPORTED_PLATFORMS = "iphoneos iphonesimulator";
				SUPPORTS_MACCATALYST = NO;
				SUPPORTS_MAC_DESIGNED_FOR_IPHONE_IPAD = NO;
				SWIFT_EMIT_LOC_STRINGS = YES;
				SWIFT_VERSION = 5.0;
				TARGETED_DEVICE_FAMILY = "1,2";
			};
			name = Release;
		};
/* End XCBuildConfiguration section */

/* Begin XCConfigurationList section */
		84DE763B28E3C7C8000E0BDA /* Build configuration list for PBXProject "News App IOS" */ = {
			isa = XCConfigurationList;
			buildConfigurations = (
				84DE764C28E3C7C9000E0BDA /* Debug */,
				84DE764D28E3C7C9000E0BDA /* Release */,
			);
			defaultConfigurationIsVisible = 0;
			defaultConfigurationName = Release;
		};
		84DE764E28E3C7C9000E0BDA /* Build configuration list for PBXNativeTarget "News App IOS" */ = {
			isa = XCConfigurationList;
			buildConfigurations = (
				84DE764F28E3C7C9000E0BDA /* Debug */,
				84DE765028E3C7C9000E0BDA /* Release */,
			);
			defaultConfigurationIsVisible = 0;
			defaultConfigurationName = Release;
		};
/* End XCConfigurationList section */

/* Begin XCRemoteSwiftPackageReference section */
		84E6C0DB28E4833F009F2CE4 /* XCRemoteSwiftPackageReference "RappleProgressHUD" */ = {
			isa = XCRemoteSwiftPackageReference;
			repositoryURL = "https://github.com/rjeprasad/RappleProgressHUD.git";
			requirement = {
				kind = upToNextMajorVersion;
				minimumVersion = 4.0.0;
			};
		};
		84E6C0EB28E48752009F2CE4 /* XCRemoteSwiftPackageReference "SDWebImageSwiftUI" */ = {
			isa = XCRemoteSwiftPackageReference;
			repositoryURL = "https://github.com/SDWebImage/SDWebImageSwiftUI.git";
			requirement = {
				kind = upToNextMajorVersion;
				minimumVersion = 2.0.0;
			};
		};
/* End XCRemoteSwiftPackageReference section */

/* Begin XCSwiftPackageProductDependency section */
		84E6C0DC28E4833F009F2CE4 /* RappleProgressHUD */ = {
			isa = XCSwiftPackageProductDependency;
			package = 84E6C0DB28E4833F009F2CE4 /* XCRemoteSwiftPackageReference "RappleProgressHUD" */;
			productName = RappleProgressHUD;
		};
		84E6C0EC28E48752009F2CE4 /* SDWebImageSwiftUI */ = {
			isa = XCSwiftPackageProductDependency;
			package = 84E6C0EB28E48752009F2CE4 /* XCRemoteSwiftPackageReference "SDWebImageSwiftUI" */;
			productName = SDWebImageSwiftUI;
		};
/* End XCSwiftPackageProductDependency section */
	};
	rootObject = 84DE763828E3C7C8000E0BDA /* Project object */;
}
